// !$*UTF8*$!
{
	archiveVersion = 1;
	classes = {
	};
	objectVersion = 55;
	objects = {

/* Begin PBXBuildFile section */
		091CE46728040EF800297CE8 /* AppDelegate.swift in Sources */ = {isa = PBXBuildFile; fileRef = 091CE46628040EF800297CE8 /* AppDelegate.swift */; };
		091CE46928040EF800297CE8 /* SceneDelegate.swift in Sources */ = {isa = PBXBuildFile; fileRef = 091CE46828040EF800297CE8 /* SceneDelegate.swift */; };
		091CE46B28040EF800297CE8 /* ViewController.swift in Sources */ = {isa = PBXBuildFile; fileRef = 091CE46A28040EF800297CE8 /* ViewController.swift */; };
		091CE46E28040EF800297CE8 /* Main.storyboard in Resources */ = {isa = PBXBuildFile; fileRef = 091CE46C28040EF800297CE8 /* Main.storyboard */; };
		091CE47128040EF800297CE8 /* AF_learn.xcdatamodeld in Sources */ = {isa = PBXBuildFile; fileRef = 091CE46F28040EF800297CE8 /* AF_learn.xcdatamodeld */; };
		091CE47328040EFB00297CE8 /* Assets.xcassets in Resources */ = {isa = PBXBuildFile; fileRef = 091CE47228040EFB00297CE8 /* Assets.xcassets */; };
		091CE47628040EFB00297CE8 /* LaunchScreen.storyboard in Resources */ = {isa = PBXBuildFile; fileRef = 091CE47428040EFB00297CE8 /* LaunchScreen.storyboard */; };
		3FB29DC927A7F7340CC2A388 /* Pods_AF_learn.framework in Frameworks */ = {isa = PBXBuildFile; fileRef = 97139EE04898737C384D85A5 /* Pods_AF_learn.framework */; };
/* End PBXBuildFile section */

/* Begin PBXFileReference section */
		091CE46328040EF800297CE8 /* AF_learn.app */ = {isa = PBXFileReference; explicitFileType = wrapper.application; includeInIndex = 0; path = AF_learn.app; sourceTree = BUILT_PRODUCTS_DIR; };
		091CE46628040EF800297CE8 /* AppDelegate.swift */ = {isa = PBXFileReference; lastKnownFileType = sourcecode.swift; path = AppDelegate.swift; sourceTree = "<group>"; };
		091CE46828040EF800297CE8 /* SceneDelegate.swift */ = {isa = PBXFileReference; lastKnownFileType = sourcecode.swift; path = SceneDelegate.swift; sourceTree = "<group>"; };
		091CE46A28040EF800297CE8 /* ViewController.swift */ = {isa = PBXFileReference; lastKnownFileType = sourcecode.swift; path = ViewController.swift; sourceTree = "<group>"; };
		091CE46D28040EF800297CE8 /* Base */ = {isa = PBXFileReference; lastKnownFileType = file.storyboard; name = Base; path = Base.lproj/Main.storyboard; sourceTree = "<group>"; };
		091CE47028040EF800297CE8 /* AF_learn.xcdatamodel */ = {isa = PBXFileReference; lastKnownFileType = wrapper.xcdatamodel; path = AF_learn.xcdatamodel; sourceTree = "<group>"; };
		091CE47228040EFB00297CE8 /* Assets.xcassets */ = {isa = PBXFileReference; lastKnownFileType = folder.assetcatalog; path = Assets.xcassets; sourceTree = "<group>"; };
		091CE47528040EFB00297CE8 /* Base */ = {isa = PBXFileReference; lastKnownFileType = file.storyboard; name = Base; path = Base.lproj/LaunchScreen.storyboard; sourceTree = "<group>"; };
		091CE47728040EFB00297CE8 /* Info.plist */ = {isa = PBXFileReference; lastKnownFileType = text.plist.xml; path = Info.plist; sourceTree = "<group>"; };
		2C752C98B41CA79D81AA1D44 /* Pods-AF_learn.release.xcconfig */ = {isa = PBXFileReference; includeInIndex = 1; lastKnownFileType = text.xcconfig; name = "Pods-AF_learn.release.xcconfig"; path = "Target Support Files/Pods-AF_learn/Pods-AF_learn.release.xcconfig"; sourceTree = "<group>"; };
		385BC889C072387AF340011E /* Pods-AF_learn.debug.xcconfig */ = {isa = PBXFileReference; includeInIndex = 1; lastKnownFileType = text.xcconfig; name = "Pods-AF_learn.debug.xcconfig"; path = "Target Support Files/Pods-AF_learn/Pods-AF_learn.debug.xcconfig"; sourceTree = "<group>"; };
		97139EE04898737C384D85A5 /* Pods_AF_learn.framework */ = {isa = PBXFileReference; explicitFileType = wrapper.framework; includeInIndex = 0; path = Pods_AF_learn.framework; sourceTree = BUILT_PRODUCTS_DIR; };
/* End PBXFileReference section */

/* Begin PBXFrameworksBuildPhase section */
		091CE46028040EF800297CE8 /* Frameworks */ = {
			isa = PBXFrameworksBuildPhase;
			buildActionMask = 2147483647;
			files = (
				3FB29DC927A7F7340CC2A388 /* Pods_AF_learn.framework in Frameworks */,
			);
			runOnlyForDeploymentPostprocessing = 0;
		};
/* End PBXFrameworksBuildPhase section */

/* Begin PBXGroup section */
		091CE45A28040EF800297CE8 = {
			isa = PBXGroup;
			children = (
				091CE46528040EF800297CE8 /* AF_learn */,
				091CE46428040EF800297CE8 /* Products */,
				E30988C13EB2CCD4005639CE /* Pods */,
				2D4AE517C7B3FB8D836E727E /* Frameworks */,
			);
			sourceTree = "<group>";
		};
		091CE46428040EF800297CE8 /* Products */ = {
			isa = PBXGroup;
			children = (
				091CE46328040EF800297CE8 /* AF_learn.app */,
			);
			name = Products;
			sourceTree = "<group>";
		};
		091CE46528040EF800297CE8 /* AF_learn */ = {
			isa = PBXGroup;
			children = (
				091CE46628040EF800297CE8 /* AppDelegate.swift */,
				091CE46828040EF800297CE8 /* SceneDelegate.swift */,
				091CE46A28040EF800297CE8 /* ViewController.swift */,
				091CE46C28040EF800297CE8 /* Main.storyboard */,
				091CE47228040EFB00297CE8 /* Assets.xcassets */,
				091CE47428040EFB00297CE8 /* LaunchScreen.storyboard */,
				091CE47728040EFB00297CE8 /* Info.plist */,
				091CE46F28040EF800297CE8 /* AF_learn.xcdatamodeld */,
			);
			path = AF_learn;
			sourceTree = "<group>";
		};
		2D4AE517C7B3FB8D836E727E /* Frameworks */ = {
			isa = PBXGroup;
			children = (
				97139EE04898737C384D85A5 /* Pods_AF_learn.framework */,
			);
			name = Frameworks;
			sourceTree = "<group>";
		};
		E30988C13EB2CCD4005639CE /* Pods */ = {
			isa = PBXGroup;
			children = (
				385BC889C072387AF340011E /* Pods-AF_learn.debug.xcconfig */,
				2C752C98B41CA79D81AA1D44 /* Pods-AF_learn.release.xcconfig */,
			);
			name = Pods;
			path = Pods;
			sourceTree = "<group>";
		};
/* End PBXGroup section */

/* Begin PBXNativeTarget section */
		091CE46228040EF800297CE8 /* AF_learn */ = {
			isa = PBXNativeTarget;
			buildConfigurationList = 091CE47A28040EFB00297CE8 /* Build configuration list for PBXNativeTarget "AF_learn" */;
			buildPhases = (
				1AEE949314421F2EB09535AC /* [CP] Check Pods Manifest.lock */,
				091CE45F28040EF800297CE8 /* Sources */,
				091CE46028040EF800297CE8 /* Frameworks */,
				091CE46128040EF800297CE8 /* Resources */,
				55E76748947DFBA45455CDC7 /* [CP] Embed Pods Frameworks */,
			);
			buildRules = (
			);
			dependencies = (
			);
			name = AF_learn;
			productName = AF_learn;
			productReference = 091CE46328040EF800297CE8 /* AF_learn.app */;
			productType = "com.apple.product-type.application";
		};
/* End PBXNativeTarget section */

/* Begin PBXProject section */
		091CE45B28040EF800297CE8 /* Project object */ = {
			isa = PBXProject;
			attributes = {
				BuildIndependentTargetsInParallel = 1;
				LastSwiftUpdateCheck = 1310;
				LastUpgradeCheck = 1310;
				TargetAttributes = {
					091CE46228040EF800297CE8 = {
						CreatedOnToolsVersion = 13.1;
					};
				};
			};
			buildConfigurationList = 091CE45E28040EF800297CE8 /* Build configuration list for PBXProject "AF_learn" */;
			compatibilityVersion = "Xcode 13.0";
			developmentRegion = en;
			hasScannedForEncodings = 0;
			knownRegions = (
				en,
				Base,
			);
			mainGroup = 091CE45A28040EF800297CE8;
			productRefGroup = 091CE46428040EF800297CE8 /* Products */;
			projectDirPath = "";
			projectRoot = "";
			targets = (
				091CE46228040EF800297CE8 /* AF_learn */,
			);
		};
/* End PBXProject section */

/* Begin PBXResourcesBuildPhase section */
		091CE46128040EF800297CE8 /* Resources */ = {
			isa = PBXResourcesBuildPhase;
			buildActionMask = 2147483647;
			files = (
				091CE47628040EFB00297CE8 /* LaunchScreen.storyboard in Resources */,
				091CE47328040EFB00297CE8 /* Assets.xcassets in Resources */,
				091CE46E28040EF800297CE8 /* Main.storyboard in Resources */,
			);
			runOnlyForDeploymentPostprocessing = 0;
		};
/* End PBXResourcesBuildPhase section */

/* Begin PBXShellScriptBuildPhase section */
		1AEE949314421F2EB09535AC /* [CP] Check Pods Manifest.lock */ = {
			isa = PBXShellScriptBuildPhase;
			buildActionMask = 2147483647;
			files = (
			);
			inputFileListPaths = (
			);
			inputPaths = (
				"${PODS_PODFILE_DIR_PATH}/Podfile.lock",
				"${PODS_ROOT}/Manifest.lock",
			);
			name = "[CP] Check Pods Manifest.lock";
			outputFileListPaths = (
			);
			outputPaths = (
				"$(DERIVED_FILE_DIR)/Pods-AF_learn-checkManifestLockResult.txt",
			);
			runOnlyForDeploymentPostprocessing = 0;
			shellPath = /bin/sh;
			shellScript = "diff \"${PODS_PODFILE_DIR_PATH}/Podfile.lock\" \"${PODS_ROOT}/Manifest.lock\" > /dev/null\nif [ $? != 0 ] ; then\n    # print error to STDERR\n    echo \"error: The sandbox is not in sync with the Podfile.lock. Run 'pod install' or update your CocoaPods installation.\" >&2\n    exit 1\nfi\n# This output is used by Xcode 'outputs' to avoid re-running this script phase.\necho \"SUCCESS\" > \"${SCRIPT_OUTPUT_FILE_0}\"\n";
			showEnvVarsInLog = 0;
		};
		55E76748947DFBA45455CDC7 /* [CP] Embed Pods Frameworks */ = {
			isa = PBXShellScriptBuildPhase;
			buildActionMask = 2147483647;
			files = (
			);
			inputFileListPaths = (
				"${PODS_ROOT}/Target Support Files/Pods-AF_learn/Pods-AF_learn-frameworks-${CONFIGURATION}-input-files.xcfilelist",
			);
			name = "[CP] Embed Pods Frameworks";
			outputFileListPaths = (
				"${PODS_ROOT}/Target Support Files/Pods-AF_learn/Pods-AF_learn-frameworks-${CONFIGURATION}-output-files.xcfilelist",
			);
			runOnlyForDeploymentPostprocessing = 0;
			shellPath = /bin/sh;
			shellScript = "\"${PODS_ROOT}/Target Support Files/Pods-AF_learn/Pods-AF_learn-frameworks.sh\"\n";
			showEnvVarsInLog = 0;
		};
/* End PBXShellScriptBuildPhase section */

/* Begin PBXSourcesBuildPhase section */
		091CE45F28040EF800297CE8 /* Sources */ = {
			isa = PBXSourcesBuildPhase;
			buildActionMask = 2147483647;
			files = (
				091CE46B28040EF800297CE8 /* ViewController.swift in Sources */,
				091CE47128040EF800297CE8 /* AF_learn.xcdatamodeld in Sources */,
				091CE46728040EF800297CE8 /* AppDelegate.swift in Sources */,
				091CE46928040EF800297CE8 /* SceneDelegate.swift in Sources */,
			);
			runOnlyForDeploymentPostprocessing = 0;
		};
/* End PBXSourcesBuildPhase section */

/* Begin PBXVariantGroup section */
		091CE46C28040EF800297CE8 /* Main.storyboard */ = {
			isa = PBXVariantGroup;
			children = (
				091CE46D28040EF800297CE8 /* Base */,
			);
			name = Main.storyboard;
			sourceTree = "<group>";
		};
		091CE47428040EFB00297CE8 /* LaunchScreen.storyboard */ = {
			isa = PBXVariantGroup;
			children = (
				091CE47528040EFB00297CE8 /* Base */,
			);
			name = LaunchScreen.storyboard;
			sourceTree = "<group>";
		};
/* End PBXVariantGroup section */

/* Begin XCBuildConfiguration section */
		091CE47828040EFB00297CE8 /* Debug */ = {
			isa = XCBuildConfiguration;
			buildSettings = {
				ALWAYS_SEARCH_USER_PATHS = NO;
				CLANG_ANALYZER_NONNULL = YES;
				CLANG_ANALYZER_NUMBER_OBJECT_CONVERSION = YES_AGGRESSIVE;
				CLANG_CXX_LANGUAGE_STANDARD = "gnu++17";
				CLANG_CXX_LIBRARY = "libc++";
				CLANG_ENABLE_MODULES = YES;
				CLANG_ENABLE_OBJC_ARC = YES;
				CLANG_ENABLE_OBJC_WEAK = YES;
				CLANG_WARN_BLOCK_CAPTURE_AUTORELEASING = YES;
				CLANG_WARN_BOOL_CONVERSION = YES;
				CLANG_WARN_COMMA = YES;
				CLANG_WARN_CONSTANT_CONVERSION = YES;
				CLANG_WARN_DEPRECATED_OBJC_IMPLEMENTATIONS = YES;
				CLANG_WARN_DIRECT_OBJC_ISA_USAGE = YES_ERROR;
				CLANG_WARN_DOCUMENTATION_COMMENTS = YES;
				CLANG_WARN_EMPTY_BODY = YES;
				CLANG_WARN_ENUM_CONVERSION = YES;
				CLANG_WARN_INFINITE_RECURSION = YES;
				CLANG_WARN_INT_CONVERSION = YES;
				CLANG_WARN_NON_LITERAL_NULL_CONVERSION = YES;
				CLANG_WARN_OBJC_IMPLICIT_RETAIN_SELF = YES;
				CLANG_WARN_OBJC_LITERAL_CONVERSION = YES;
				CLANG_WARN_OBJC_ROOT_CLASS = YES_ERROR;
				CLANG_WARN_QUOTED_INCLUDE_IN_FRAMEWORK_HEADER = YES;
				CLANG_WARN_RANGE_LOOP_ANALYSIS = YES;
				CLANG_WARN_STRICT_PROTOTYPES = YES;
				CLANG_WARN_SUSPICIOUS_MOVE = YES;
				CLANG_WARN_UNGUARDED_AVAILABILITY = YES_AGGRESSIVE;
				CLANG_WARN_UNREACHABLE_CODE = YES;
				CLANG_WARN__DUPLICATE_METHOD_MATCH = YES;
				COPY_PHASE_STRIP = NO;
				DEBUG_INFORMATION_FORMAT = dwarf;
				ENABLE_STRICT_OBJC_MSGSEND = YES;
				ENABLE_TESTABILITY = YES;
				GCC_C_LANGUAGE_STANDARD = gnu11;
				GCC_DYNAMIC_NO_PIC = NO;
				GCC_NO_COMMON_BLOCKS = YES;
				GCC_OPTIMIZATION_LEVEL = 0;
				GCC_PREPROCESSOR_DEFINITIONS = (
					"DEBUG=1",
					"$(inherited)",
				);
				GCC_WARN_64_TO_32_BIT_CONVERSION = YES;
				GCC_WARN_ABOUT_RETURN_TYPE = YES_ERROR;
				GCC_WARN_UNDECLARED_SELECTOR = YES;
				GCC_WARN_UNINITIALIZED_AUTOS = YES_AGGRESSIVE;
				GCC_WARN_UNUSED_FUNCTION = YES;
				GCC_WARN_UNUSED_VARIABLE = YES;
				IPHONEOS_DEPLOYMENT_TARGET = 15.0;
				MTL_ENABLE_DEBUG_INFO = INCLUDE_SOURCE;
				MTL_FAST_MATH = YES;
				ONLY_ACTIVE_ARCH = YES;
				SDKROOT = iphoneos;
				SWIFT_ACTIVE_COMPILATION_CONDITIONS = DEBUG;
				SWIFT_OPTIMIZATION_LEVEL = "-Onone";
			};
			name = Debug;
		};
		091CE47928040EFB00297CE8 /* Release */ = {
			isa = XCBuildConfiguration;
			buildSettings = {
				ALWAYS_SEARCH_USER_PATHS = NO;
				CLANG_ANALYZER_NONNULL = YES;
				CLANG_ANALYZER_NUMBER_OBJECT_CONVERSION = YES_AGGRESSIVE;
				CLANG_CXX_LANGUAGE_STANDARD = "gnu++17";
				CLANG_CXX_LIBRARY = "libc++";
				CLANG_ENABLE_MODULES = YES;
				CLANG_ENABLE_OBJC_ARC = YES;
				CLANG_ENABLE_OBJC_WEAK = YES;
				CLANG_WARN_BLOCK_CAPTURE_AUTORELEASING = YES;
				CLANG_WARN_BOOL_CONVERSION = YES;
				CLANG_WARN_COMMA = YES;
				CLANG_WARN_CONSTANT_CONVERSION = YES;
				CLANG_WARN_DEPRECATED_OBJC_IMPLEMENTATIONS = YES;
				CLANG_WARN_DIRECT_OBJC_ISA_USAGE = YES_ERROR;
				CLANG_WARN_DOCUMENTATION_COMMENTS = YES;
				CLANG_WARN_EMPTY_BODY = YES;
				CLANG_WARN_ENUM_CONVERSION = YES;
				CLANG_WARN_INFINITE_RECURSION = YES;
				CLANG_WARN_INT_CONVERSION = YES;
				CLANG_WARN_NON_LITERAL_NULL_CONVERSION = YES;
				CLANG_WARN_OBJC_IMPLICIT_RETAIN_SELF = YES;
				CLANG_WARN_OBJC_LITERAL_CONVERSION = YES;
				CLANG_WARN_OBJC_ROOT_CLASS = YES_ERROR;
				CLANG_WARN_QUOTED_INCLUDE_IN_FRAMEWORK_HEADER = YES;
				CLANG_WARN_RANGE_LOOP_ANALYSIS = YES;
				CLANG_WARN_STRICT_PROTOTYPES = YES;
				CLANG_WARN_SUSPICIOUS_MOVE = YES;
				CLANG_WARN_UNGUARDED_AVAILABILITY = YES_AGGRESSIVE;
				CLANG_WARN_UNREACHABLE_CODE = YES;
				CLANG_WARN__DUPLICATE_METHOD_MATCH = YES;
				COPY_PHASE_STRIP = NO;
				DEBUG_INFORMATION_FORMAT = "dwarf-with-dsym";
				ENABLE_NS_ASSERTIONS = NO;
				ENABLE_STRICT_OBJC_MSGSEND = YES;
				GCC_C_LANGUAGE_STANDARD = gnu11;
				GCC_NO_COMMON_BLOCKS = YES;
				GCC_WARN_64_TO_32_BIT_CONVERSION = YES;
				GCC_WARN_ABOUT_RETURN_TYPE = YES_ERROR;
				GCC_WARN_UNDECLARED_SELECTOR = YES;
				GCC_WARN_UNINITIALIZED_AUTOS = YES_AGGRESSIVE;
				GCC_WARN_UNUSED_FUNCTION = YES;
				GCC_WARN_UNUSED_VARIABLE = YES;
				IPHONEOS_DEPLOYMENT_TARGET = 15.0;
				MTL_ENABLE_DEBUG_INFO = NO;
				MTL_FAST_MATH = YES;
				SDKROOT = iphoneos;
				SWIFT_COMPILATION_MODE = wholemodule;
				SWIFT_OPTIMIZATION_LEVEL = "-O";
				VALIDATE_PRODUCT = YES;
			};
			name = Release;
		};
		091CE47B28040EFB00297CE8 /* Debug */ = {
			isa = XCBuildConfiguration;
			baseConfigurationReference = 385BC889C072387AF340011E /* Pods-AF_learn.debug.xcconfig */;
			buildSettings = {
				ASSETCATALOG_COMPILER_APPICON_NAME = AppIcon;
				ASSETCATALOG_COMPILER_GLOBAL_ACCENT_COLOR_NAME = AccentColor;
				CODE_SIGN_STYLE = Automatic;
				CURRENT_PROJECT_VERSION = 1;
				DEVELOPMENT_TEAM = E5A9RJ73G5;
				GENERATE_INFOPLIST_FILE = YES;
				INFOPLIST_FILE = AF_learn/Info.plist;
				INFOPLIST_KEY_UIApplicationSupportsIndirectInputEvents = YES;
				INFOPLIST_KEY_UILaunchStoryboardName = LaunchScreen;
				INFOPLIST_KEY_UIMainStoryboardFile = Main;
				INFOPLIST_KEY_UISupportedInterfaceOrientations_iPad = "UIInterfaceOrientationPortrait UIInterfaceOrientationPortraitUpsideDown UIInterfaceOrientationLandscapeLeft UIInterfaceOrientationLandscapeRight";
				INFOPLIST_KEY_UISupportedInterfaceOrientations_iPhone = "UIInterfaceOrientationPortrait UIInterfaceOrientationLandscapeLeft UIInterfaceOrientationLandscapeRight";
				LD_RUNPATH_SEARCH_PATHS = (
					"$(inherited)",
					"@executable_path/Frameworks",
				);
				MARKETING_VERSION = 1.0;
				PRODUCT_BUNDLE_IDENTIFIER = "SergeyMelnik.AF-learn";
				PRODUCT_NAME = "$(TARGET_NAME)";
				SWIFT_EMIT_LOC_STRINGS = YES;
				SWIFT_VERSION = 5.0;
				TARGETED_DEVICE_FAMILY = "1,2";
			};
			name = Debug;
		};
		091CE47C28040EFB00297CE8 /* Release */ = {
			isa = XCBuildConfiguration;
			baseConfigurationReference = 2C752C98B41CA79D81AA1D44 /* Pods-AF_learn.release.xcconfig */;
			buildSettings = {
				ASSETCATALOG_COMPILER_APPICON_NAME = AppIcon;
				ASSETCATALOG_COMPILER_GLOBAL_ACCENT_COLOR_NAME = AccentColor;
				CODE_SIGN_STYLE = Automatic;
				CURRENT_PROJECT_VERSION = 1;
				DEVELOPMENT_TEAM = E5A9RJ73G5;
				GENERATE_INFOPLIST_FILE = YES;
				INFOPLIST_FILE = AF_learn/Info.plist;
				INFOPLIST_KEY_UIApplicationSupportsIndirectInputEvents = YES;
				INFOPLIST_KEY_UILaunchStoryboardName = LaunchScreen;
				INFOPLIST_KEY_UIMainStoryboardFile = Main;
				INFOPLIST_KEY_UISupportedInterfaceOrientations_iPad = "UIInterfaceOrientationPortrait UIInterfaceOrientationPortraitUpsideDown UIInterfaceOrientationLandscapeLeft UIInterfaceOrientationLandscapeRight";
				INFOPLIST_KEY_UISupportedInterfaceOrientations_iPhone = "UIInterfaceOrientationPortrait UIInterfaceOrientationLandscapeLeft UIInterfaceOrientationLandscapeRight";
				LD_RUNPATH_SEARCH_PATHS = (
					"$(inherited)",
					"@executable_path/Frameworks",
				);
				MARKETING_VERSION = 1.0;
				PRODUCT_BUNDLE_IDENTIFIER = "SergeyMelnik.AF-learn";
				PRODUCT_NAME = "$(TARGET_NAME)";
				SWIFT_EMIT_LOC_STRINGS = YES;
				SWIFT_VERSION = 5.0;
				TARGETED_DEVICE_FAMILY = "1,2";
			};
			name = Release;
		};
/* End XCBuildConfiguration section */

/* Begin XCConfigurationList section */
		091CE45E28040EF800297CE8 /* Build configuration list for PBXProject "AF_learn" */ = {
			isa = XCConfigurationList;
			buildConfigurations = (
				091CE47828040EFB00297CE8 /* Debug */,
				091CE47928040EFB00297CE8 /* Release */,
			);
			defaultConfigurationIsVisible = 0;
			defaultConfigurationName = Release;
		};
		091CE47A28040EFB00297CE8 /* Build configuration list for PBXNativeTarget "AF_learn" */ = {
			isa = XCConfigurationList;
			buildConfigurations = (
				091CE47B28040EFB00297CE8 /* Debug */,
				091CE47C28040EFB00297CE8 /* Release */,
			);
			defaultConfigurationIsVisible = 0;
			defaultConfigurationName = Release;
		};
/* End XCConfigurationList section */

/* Begin XCVersionGroup section */
		091CE46F28040EF800297CE8 /* AF_learn.xcdatamodeld */ = {
			isa = XCVersionGroup;
			children = (
				091CE47028040EF800297CE8 /* AF_learn.xcdatamodel */,
			);
			currentVersion = 091CE47028040EF800297CE8 /* AF_learn.xcdatamodel */;
			path = AF_learn.xcdatamodeld;
			sourceTree = "<group>";
			versionGroupType = wrapper.xcdatamodel;
		};
/* End XCVersionGroup section */
	};
	rootObject = 091CE45B28040EF800297CE8 /* Project object */;
}
