// !$*UTF8*$!
{
	archiveVersion = 1;
	classes = {
	};
	objectVersion = 55;
	objects = {

/* Begin PBXBuildFile section */
		0902483427FF452D00B6DE18 /* Weather.swift in Sources */ = {isa = PBXBuildFile; fileRef = 0902483327FF452D00B6DE18 /* Weather.swift */; };
		0904D14F27FD95EE00B216DC /* MyCityesController.swift in Sources */ = {isa = PBXBuildFile; fileRef = 0904D14E27FD95EE00B216DC /* MyCityesController.swift */; };
		0904D15127FD95F700B216DC /* MyCityesCell.swift in Sources */ = {isa = PBXBuildFile; fileRef = 0904D15027FD95F700B216DC /* MyCityesCell.swift */; };
		0904D15427FDC2E200B216DC /* WeatherViewController.swift in Sources */ = {isa = PBXBuildFile; fileRef = 0904D15327FDC2E200B216DC /* WeatherViewController.swift */; };
		0904D15627FDC2EE00B216DC /* WeatherCell.swift in Sources */ = {isa = PBXBuildFile; fileRef = 0904D15527FDC2EE00B216DC /* WeatherCell.swift */; };
		095CE78427FDE5100008C90B /* WeatherService.swift in Sources */ = {isa = PBXBuildFile; fileRef = 095CE78327FDE5100008C90B /* WeatherService.swift */; };
		09F0395B27FC5AFB005CA4E3 /* AppDelegate.swift in Sources */ = {isa = PBXBuildFile; fileRef = 09F0395A27FC5AFB005CA4E3 /* AppDelegate.swift */; };
		09F0395D27FC5AFB005CA4E3 /* SceneDelegate.swift in Sources */ = {isa = PBXBuildFile; fileRef = 09F0395C27FC5AFB005CA4E3 /* SceneDelegate.swift */; };
		09F0395F27FC5AFB005CA4E3 /* ViewController.swift in Sources */ = {isa = PBXBuildFile; fileRef = 09F0395E27FC5AFB005CA4E3 /* ViewController.swift */; };
		09F0396227FC5AFB005CA4E3 /* Main.storyboard in Resources */ = {isa = PBXBuildFile; fileRef = 09F0396027FC5AFB005CA4E3 /* Main.storyboard */; };
		09F0396427FC5AFC005CA4E3 /* Assets.xcassets in Resources */ = {isa = PBXBuildFile; fileRef = 09F0396327FC5AFC005CA4E3 /* Assets.xcassets */; };
		09F0396727FC5AFC005CA4E3 /* LaunchScreen.storyboard in Resources */ = {isa = PBXBuildFile; fileRef = 09F0396527FC5AFC005CA4E3 /* LaunchScreen.storyboard */; };
		09F0396F27FC5D20005CA4E3 /* LoginFormController.swift in Sources */ = {isa = PBXBuildFile; fileRef = 09F0396E27FC5D20005CA4E3 /* LoginFormController.swift */; };
		641517AD99CEC918CEDE6F7A /* Pods_Open_Weather_UI_Learn.framework in Frameworks */ = {isa = PBXBuildFile; fileRef = B5C0140D57CB2E47A96C870F /* Pods_Open_Weather_UI_Learn.framework */; };
/* End PBXBuildFile section */

/* Begin PBXFileReference section */
		0902483327FF452D00B6DE18 /* Weather.swift */ = {isa = PBXFileReference; lastKnownFileType = sourcecode.swift; path = Weather.swift; sourceTree = "<group>"; };
		0904D14E27FD95EE00B216DC /* MyCityesController.swift */ = {isa = PBXFileReference; lastKnownFileType = sourcecode.swift; path = MyCityesController.swift; sourceTree = "<group>"; };
		0904D15027FD95F700B216DC /* MyCityesCell.swift */ = {isa = PBXFileReference; lastKnownFileType = sourcecode.swift; path = MyCityesCell.swift; sourceTree = "<group>"; };
		0904D15327FDC2E200B216DC /* WeatherViewController.swift */ = {isa = PBXFileReference; lastKnownFileType = sourcecode.swift; path = WeatherViewController.swift; sourceTree = "<group>"; };
		0904D15527FDC2EE00B216DC /* WeatherCell.swift */ = {isa = PBXFileReference; lastKnownFileType = sourcecode.swift; path = WeatherCell.swift; sourceTree = "<group>"; };
		095CE78327FDE5100008C90B /* WeatherService.swift */ = {isa = PBXFileReference; lastKnownFileType = sourcecode.swift; path = WeatherService.swift; sourceTree = "<group>"; };
		09F0395727FC5AFB005CA4E3 /* Open Weather UI Learn.app */ = {isa = PBXFileReference; explicitFileType = wrapper.application; includeInIndex = 0; path = "Open Weather UI Learn.app"; sourceTree = BUILT_PRODUCTS_DIR; };
		09F0395A27FC5AFB005CA4E3 /* AppDelegate.swift */ = {isa = PBXFileReference; lastKnownFileType = sourcecode.swift; path = AppDelegate.swift; sourceTree = "<group>"; };
		09F0395C27FC5AFB005CA4E3 /* SceneDelegate.swift */ = {isa = PBXFileReference; lastKnownFileType = sourcecode.swift; path = SceneDelegate.swift; sourceTree = "<group>"; };
		09F0395E27FC5AFB005CA4E3 /* ViewController.swift */ = {isa = PBXFileReference; lastKnownFileType = sourcecode.swift; path = ViewController.swift; sourceTree = "<group>"; };
		09F0396127FC5AFB005CA4E3 /* Base */ = {isa = PBXFileReference; lastKnownFileType = file.storyboard; name = Base; path = Base.lproj/Main.storyboard; sourceTree = "<group>"; };
		09F0396327FC5AFC005CA4E3 /* Assets.xcassets */ = {isa = PBXFileReference; lastKnownFileType = folder.assetcatalog; path = Assets.xcassets; sourceTree = "<group>"; };
		09F0396627FC5AFC005CA4E3 /* Base */ = {isa = PBXFileReference; lastKnownFileType = file.storyboard; name = Base; path = Base.lproj/LaunchScreen.storyboard; sourceTree = "<group>"; };
		09F0396827FC5AFC005CA4E3 /* Info.plist */ = {isa = PBXFileReference; lastKnownFileType = text.plist.xml; path = Info.plist; sourceTree = "<group>"; };
		09F0396E27FC5D20005CA4E3 /* LoginFormController.swift */ = {isa = PBXFileReference; lastKnownFileType = sourcecode.swift; path = LoginFormController.swift; sourceTree = "<group>"; };
		4058DDF4436B8AF0EB627B78 /* Pods-Open Weather UI Learn.release.xcconfig */ = {isa = PBXFileReference; includeInIndex = 1; lastKnownFileType = text.xcconfig; name = "Pods-Open Weather UI Learn.release.xcconfig"; path = "Target Support Files/Pods-Open Weather UI Learn/Pods-Open Weather UI Learn.release.xcconfig"; sourceTree = "<group>"; };
		70EBC7C642973074CA4CC734 /* Pods-Open Weather UI Learn.debug.xcconfig */ = {isa = PBXFileReference; includeInIndex = 1; lastKnownFileType = text.xcconfig; name = "Pods-Open Weather UI Learn.debug.xcconfig"; path = "Target Support Files/Pods-Open Weather UI Learn/Pods-Open Weather UI Learn.debug.xcconfig"; sourceTree = "<group>"; };
		B5C0140D57CB2E47A96C870F /* Pods_Open_Weather_UI_Learn.framework */ = {isa = PBXFileReference; explicitFileType = wrapper.framework; includeInIndex = 0; path = Pods_Open_Weather_UI_Learn.framework; sourceTree = BUILT_PRODUCTS_DIR; };
/* End PBXFileReference section */

/* Begin PBXFrameworksBuildPhase section */
		09F0395427FC5AFB005CA4E3 /* Frameworks */ = {
			isa = PBXFrameworksBuildPhase;
			buildActionMask = 2147483647;
			files = (
				641517AD99CEC918CEDE6F7A /* Pods_Open_Weather_UI_Learn.framework in Frameworks */,
			);
			runOnlyForDeploymentPostprocessing = 0;
		};
/* End PBXFrameworksBuildPhase section */

/* Begin PBXGroup section */
		0904D14D27FD95CF00B216DC /* MyCityes */ = {
			isa = PBXGroup;
			children = (
				0904D14E27FD95EE00B216DC /* MyCityesController.swift */,
				0904D15027FD95F700B216DC /* MyCityesCell.swift */,
			);
			path = MyCityes;
			sourceTree = "<group>";
		};
		0904D15227FDC2B700B216DC /* Weather */ = {
			isa = PBXGroup;
			children = (
				0904D15327FDC2E200B216DC /* WeatherViewController.swift */,
				0904D15527FDC2EE00B216DC /* WeatherCell.swift */,
			);
			path = Weather;
			sourceTree = "<group>";
		};
		095CE78227FDE4FF0008C90B /* Services */ = {
			isa = PBXGroup;
			children = (
				095CE78327FDE5100008C90B /* WeatherService.swift */,
				0902483327FF452D00B6DE18 /* Weather.swift */,
			);
			path = Services;
			sourceTree = "<group>";
		};
		09F0394E27FC5AFB005CA4E3 = {
			isa = PBXGroup;
			children = (
				09F0395927FC5AFB005CA4E3 /* Open Weather UI Learn */,
				09F0395827FC5AFB005CA4E3 /* Products */,
				FBED4C3066B25F85EEBE105C /* Pods */,
				113E33A5BDE9CD73223EEBF0 /* Frameworks */,
			);
			sourceTree = "<group>";
		};
		09F0395827FC5AFB005CA4E3 /* Products */ = {
			isa = PBXGroup;
			children = (
				09F0395727FC5AFB005CA4E3 /* Open Weather UI Learn.app */,
			);
			name = Products;
			sourceTree = "<group>";
		};
		09F0395927FC5AFB005CA4E3 /* Open Weather UI Learn */ = {
			isa = PBXGroup;
			children = (
				095CE78227FDE4FF0008C90B /* Services */,
				0904D15227FDC2B700B216DC /* Weather */,
				0904D14D27FD95CF00B216DC /* MyCityes */,
				09F0395A27FC5AFB005CA4E3 /* AppDelegate.swift */,
				09F0395C27FC5AFB005CA4E3 /* SceneDelegate.swift */,
				09F0395E27FC5AFB005CA4E3 /* ViewController.swift */,
				09F0396027FC5AFB005CA4E3 /* Main.storyboard */,
				09F0396E27FC5D20005CA4E3 /* LoginFormController.swift */,
				09F0396327FC5AFC005CA4E3 /* Assets.xcassets */,
				09F0396527FC5AFC005CA4E3 /* LaunchScreen.storyboard */,
				09F0396827FC5AFC005CA4E3 /* Info.plist */,
			);
			path = "Open Weather UI Learn";
			sourceTree = "<group>";
		};
		113E33A5BDE9CD73223EEBF0 /* Frameworks */ = {
			isa = PBXGroup;
			children = (
				B5C0140D57CB2E47A96C870F /* Pods_Open_Weather_UI_Learn.framework */,
			);
			name = Frameworks;
			sourceTree = "<group>";
		};
		FBED4C3066B25F85EEBE105C /* Pods */ = {
			isa = PBXGroup;
			children = (
				70EBC7C642973074CA4CC734 /* Pods-Open Weather UI Learn.debug.xcconfig */,
				4058DDF4436B8AF0EB627B78 /* Pods-Open Weather UI Learn.release.xcconfig */,
			);
			path = Pods;
			sourceTree = "<group>";
		};
/* End PBXGroup section */

/* Begin PBXNativeTarget section */
		09F0395627FC5AFB005CA4E3 /* Open Weather UI Learn */ = {
			isa = PBXNativeTarget;
			buildConfigurationList = 09F0396B27FC5AFC005CA4E3 /* Build configuration list for PBXNativeTarget "Open Weather UI Learn" */;
			buildPhases = (
				F544CD165518FA21498BA6DE /* [CP] Check Pods Manifest.lock */,
				09F0395327FC5AFB005CA4E3 /* Sources */,
				09F0395427FC5AFB005CA4E3 /* Frameworks */,
				09F0395527FC5AFB005CA4E3 /* Resources */,
				82D43F668B6681E88CA352CC /* [CP] Embed Pods Frameworks */,
			);
			buildRules = (
			);
			dependencies = (
			);
			name = "Open Weather UI Learn";
			productName = "Open Weather UI Learn";
			productReference = 09F0395727FC5AFB005CA4E3 /* Open Weather UI Learn.app */;
			productType = "com.apple.product-type.application";
		};
/* End PBXNativeTarget section */

/* Begin PBXProject section */
		09F0394F27FC5AFB005CA4E3 /* Project object */ = {
			isa = PBXProject;
			attributes = {
				BuildIndependentTargetsInParallel = 1;
				LastSwiftUpdateCheck = 1310;
				LastUpgradeCheck = 1310;
				TargetAttributes = {
					09F0395627FC5AFB005CA4E3 = {
						CreatedOnToolsVersion = 13.1;
					};
				};
			};
			buildConfigurationList = 09F0395227FC5AFB005CA4E3 /* Build configuration list for PBXProject "Open Weather UI Learn" */;
			compatibilityVersion = "Xcode 13.0";
			developmentRegion = en;
			hasScannedForEncodings = 0;
			knownRegions = (
				en,
				Base,
			);
			mainGroup = 09F0394E27FC5AFB005CA4E3;
			productRefGroup = 09F0395827FC5AFB005CA4E3 /* Products */;
			projectDirPath = "";
			projectRoot = "";
			targets = (
				09F0395627FC5AFB005CA4E3 /* Open Weather UI Learn */,
			);
		};
/* End PBXProject section */

/* Begin PBXResourcesBuildPhase section */
		09F0395527FC5AFB005CA4E3 /* Resources */ = {
			isa = PBXResourcesBuildPhase;
			buildActionMask = 2147483647;
			files = (
				09F0396727FC5AFC005CA4E3 /* LaunchScreen.storyboard in Resources */,
				09F0396427FC5AFC005CA4E3 /* Assets.xcassets in Resources */,
				09F0396227FC5AFB005CA4E3 /* Main.storyboard in Resources */,
			);
			runOnlyForDeploymentPostprocessing = 0;
		};
/* End PBXResourcesBuildPhase section */

/* Begin PBXShellScriptBuildPhase section */
		82D43F668B6681E88CA352CC /* [CP] Embed Pods Frameworks */ = {
			isa = PBXShellScriptBuildPhase;
			buildActionMask = 2147483647;
			files = (
			);
			inputFileListPaths = (
				"${PODS_ROOT}/Target Support Files/Pods-Open Weather UI Learn/Pods-Open Weather UI Learn-frameworks-${CONFIGURATION}-input-files.xcfilelist",
			);
			name = "[CP] Embed Pods Frameworks";
			outputFileListPaths = (
				"${PODS_ROOT}/Target Support Files/Pods-Open Weather UI Learn/Pods-Open Weather UI Learn-frameworks-${CONFIGURATION}-output-files.xcfilelist",
			);
			runOnlyForDeploymentPostprocessing = 0;
			shellPath = /bin/sh;
			shellScript = "\"${PODS_ROOT}/Target Support Files/Pods-Open Weather UI Learn/Pods-Open Weather UI Learn-frameworks.sh\"\n";
			showEnvVarsInLog = 0;
		};
		F544CD165518FA21498BA6DE /* [CP] Check Pods Manifest.lock */ = {
			isa = PBXShellScriptBuildPhase;
			buildActionMask = 2147483647;
			files = (
			);
			inputFileListPaths = (
			);
			inputPaths = (
				"${PODS_PODFILE_DIR_PATH}/Podfile.lock",
				"${PODS_ROOT}/Manifest.lock",
			);
			name = "[CP] Check Pods Manifest.lock";
			outputFileListPaths = (
			);
			outputPaths = (
				"$(DERIVED_FILE_DIR)/Pods-Open Weather UI Learn-checkManifestLockResult.txt",
			);
			runOnlyForDeploymentPostprocessing = 0;
			shellPath = /bin/sh;
			shellScript = "diff \"${PODS_PODFILE_DIR_PATH}/Podfile.lock\" \"${PODS_ROOT}/Manifest.lock\" > /dev/null\nif [ $? != 0 ] ; then\n    # print error to STDERR\n    echo \"error: The sandbox is not in sync with the Podfile.lock. Run 'pod install' or update your CocoaPods installation.\" >&2\n    exit 1\nfi\n# This output is used by Xcode 'outputs' to avoid re-running this script phase.\necho \"SUCCESS\" > \"${SCRIPT_OUTPUT_FILE_0}\"\n";
			showEnvVarsInLog = 0;
		};
/* End PBXShellScriptBuildPhase section */

/* Begin PBXSourcesBuildPhase section */
		09F0395327FC5AFB005CA4E3 /* Sources */ = {
			isa = PBXSourcesBuildPhase;
			buildActionMask = 2147483647;
			files = (
				09F0395F27FC5AFB005CA4E3 /* ViewController.swift in Sources */,
				0904D15427FDC2E200B216DC /* WeatherViewController.swift in Sources */,
				095CE78427FDE5100008C90B /* WeatherService.swift in Sources */,
				0904D15627FDC2EE00B216DC /* WeatherCell.swift in Sources */,
				0902483427FF452D00B6DE18 /* Weather.swift in Sources */,
				0904D14F27FD95EE00B216DC /* MyCityesController.swift in Sources */,
				09F0396F27FC5D20005CA4E3 /* LoginFormController.swift in Sources */,
				0904D15127FD95F700B216DC /* MyCityesCell.swift in Sources */,
				09F0395B27FC5AFB005CA4E3 /* AppDelegate.swift in Sources */,
				09F0395D27FC5AFB005CA4E3 /* SceneDelegate.swift in Sources */,
			);
			runOnlyForDeploymentPostprocessing = 0;
		};
/* End PBXSourcesBuildPhase section */

/* Begin PBXVariantGroup section */
		09F0396027FC5AFB005CA4E3 /* Main.storyboard */ = {
			isa = PBXVariantGroup;
			children = (
				09F0396127FC5AFB005CA4E3 /* Base */,
			);
			name = Main.storyboard;
			sourceTree = "<group>";
		};
		09F0396527FC5AFC005CA4E3 /* LaunchScreen.storyboard */ = {
			isa = PBXVariantGroup;
			children = (
				09F0396627FC5AFC005CA4E3 /* Base */,
			);
			name = LaunchScreen.storyboard;
			sourceTree = "<group>";
		};
/* End PBXVariantGroup section */

/* Begin XCBuildConfiguration section */
		09F0396927FC5AFC005CA4E3 /* Debug */ = {
			isa = XCBuildConfiguration;
			buildSettings = {
				ALWAYS_SEARCH_USER_PATHS = NO;
				CLANG_ANALYZER_NONNULL = YES;
				CLANG_ANALYZER_NUMBER_OBJECT_CONVERSION = YES_AGGRESSIVE;
				CLANG_CXX_LANGUAGE_STANDARD = "gnu++17";
				CLANG_CXX_LIBRARY = "libc++";
				CLANG_ENABLE_MODULES = YES;
				CLANG_ENABLE_OBJC_ARC = YES;
				CLANG_ENABLE_OBJC_WEAK = YES;
				CLANG_WARN_BLOCK_CAPTURE_AUTORELEASING = YES;
				CLANG_WARN_BOOL_CONVERSION = YES;
				CLANG_WARN_COMMA = YES;
				CLANG_WARN_CONSTANT_CONVERSION = YES;
				CLANG_WARN_DEPRECATED_OBJC_IMPLEMENTATIONS = YES;
				CLANG_WARN_DIRECT_OBJC_ISA_USAGE = YES_ERROR;
				CLANG_WARN_DOCUMENTATION_COMMENTS = YES;
				CLANG_WARN_EMPTY_BODY = YES;
				CLANG_WARN_ENUM_CONVERSION = YES;
				CLANG_WARN_INFINITE_RECURSION = YES;
				CLANG_WARN_INT_CONVERSION = YES;
				CLANG_WARN_NON_LITERAL_NULL_CONVERSION = YES;
				CLANG_WARN_OBJC_IMPLICIT_RETAIN_SELF = YES;
				CLANG_WARN_OBJC_LITERAL_CONVERSION = YES;
				CLANG_WARN_OBJC_ROOT_CLASS = YES_ERROR;
				CLANG_WARN_QUOTED_INCLUDE_IN_FRAMEWORK_HEADER = YES;
				CLANG_WARN_RANGE_LOOP_ANALYSIS = YES;
				CLANG_WARN_STRICT_PROTOTYPES = YES;
				CLANG_WARN_SUSPICIOUS_MOVE = YES;
				CLANG_WARN_UNGUARDED_AVAILABILITY = YES_AGGRESSIVE;
				CLANG_WARN_UNREACHABLE_CODE = YES;
				CLANG_WARN__DUPLICATE_METHOD_MATCH = YES;
				COPY_PHASE_STRIP = NO;
				DEBUG_INFORMATION_FORMAT = dwarf;
				ENABLE_STRICT_OBJC_MSGSEND = YES;
				ENABLE_TESTABILITY = YES;
				GCC_C_LANGUAGE_STANDARD = gnu11;
				GCC_DYNAMIC_NO_PIC = NO;
				GCC_NO_COMMON_BLOCKS = YES;
				GCC_OPTIMIZATION_LEVEL = 0;
				GCC_PREPROCESSOR_DEFINITIONS = (
					"DEBUG=1",
					"$(inherited)",
				);
				GCC_WARN_64_TO_32_BIT_CONVERSION = YES;
				GCC_WARN_ABOUT_RETURN_TYPE = YES_ERROR;
				GCC_WARN_UNDECLARED_SELECTOR = YES;
				GCC_WARN_UNINITIALIZED_AUTOS = YES_AGGRESSIVE;
				GCC_WARN_UNUSED_FUNCTION = YES;
				GCC_WARN_UNUSED_VARIABLE = YES;
				IPHONEOS_DEPLOYMENT_TARGET = 15.0;
				MTL_ENABLE_DEBUG_INFO = INCLUDE_SOURCE;
				MTL_FAST_MATH = YES;
				ONLY_ACTIVE_ARCH = YES;
				SDKROOT = iphoneos;
				SWIFT_ACTIVE_COMPILATION_CONDITIONS = DEBUG;
				SWIFT_OPTIMIZATION_LEVEL = "-Onone";
			};
			name = Debug;
		};
		09F0396A27FC5AFC005CA4E3 /* Release */ = {
			isa = XCBuildConfiguration;
			buildSettings = {
				ALWAYS_SEARCH_USER_PATHS = NO;
				CLANG_ANALYZER_NONNULL = YES;
				CLANG_ANALYZER_NUMBER_OBJECT_CONVERSION = YES_AGGRESSIVE;
				CLANG_CXX_LANGUAGE_STANDARD = "gnu++17";
				CLANG_CXX_LIBRARY = "libc++";
				CLANG_ENABLE_MODULES = YES;
				CLANG_ENABLE_OBJC_ARC = YES;
				CLANG_ENABLE_OBJC_WEAK = YES;
				CLANG_WARN_BLOCK_CAPTURE_AUTORELEASING = YES;
				CLANG_WARN_BOOL_CONVERSION = YES;
				CLANG_WARN_COMMA = YES;
				CLANG_WARN_CONSTANT_CONVERSION = YES;
				CLANG_WARN_DEPRECATED_OBJC_IMPLEMENTATIONS = YES;
				CLANG_WARN_DIRECT_OBJC_ISA_USAGE = YES_ERROR;
				CLANG_WARN_DOCUMENTATION_COMMENTS = YES;
				CLANG_WARN_EMPTY_BODY = YES;
				CLANG_WARN_ENUM_CONVERSION = YES;
				CLANG_WARN_INFINITE_RECURSION = YES;
				CLANG_WARN_INT_CONVERSION = YES;
				CLANG_WARN_NON_LITERAL_NULL_CONVERSION = YES;
				CLANG_WARN_OBJC_IMPLICIT_RETAIN_SELF = YES;
				CLANG_WARN_OBJC_LITERAL_CONVERSION = YES;
				CLANG_WARN_OBJC_ROOT_CLASS = YES_ERROR;
				CLANG_WARN_QUOTED_INCLUDE_IN_FRAMEWORK_HEADER = YES;
				CLANG_WARN_RANGE_LOOP_ANALYSIS = YES;
				CLANG_WARN_STRICT_PROTOTYPES = YES;
				CLANG_WARN_SUSPICIOUS_MOVE = YES;
				CLANG_WARN_UNGUARDED_AVAILABILITY = YES_AGGRESSIVE;
				CLANG_WARN_UNREACHABLE_CODE = YES;
				CLANG_WARN__DUPLICATE_METHOD_MATCH = YES;
				COPY_PHASE_STRIP = NO;
				DEBUG_INFORMATION_FORMAT = "dwarf-with-dsym";
				ENABLE_NS_ASSERTIONS = NO;
				ENABLE_STRICT_OBJC_MSGSEND = YES;
				GCC_C_LANGUAGE_STANDARD = gnu11;
				GCC_NO_COMMON_BLOCKS = YES;
				GCC_WARN_64_TO_32_BIT_CONVERSION = YES;
				GCC_WARN_ABOUT_RETURN_TYPE = YES_ERROR;
				GCC_WARN_UNDECLARED_SELECTOR = YES;
				GCC_WARN_UNINITIALIZED_AUTOS = YES_AGGRESSIVE;
				GCC_WARN_UNUSED_FUNCTION = YES;
				GCC_WARN_UNUSED_VARIABLE = YES;
				IPHONEOS_DEPLOYMENT_TARGET = 15.0;
				MTL_ENABLE_DEBUG_INFO = NO;
				MTL_FAST_MATH = YES;
				SDKROOT = iphoneos;
				SWIFT_COMPILATION_MODE = wholemodule;
				SWIFT_OPTIMIZATION_LEVEL = "-O";
				VALIDATE_PRODUCT = YES;
			};
			name = Release;
		};
		09F0396C27FC5AFC005CA4E3 /* Debug */ = {
			isa = XCBuildConfiguration;
			baseConfigurationReference = 70EBC7C642973074CA4CC734 /* Pods-Open Weather UI Learn.debug.xcconfig */;
			buildSettings = {
				ASSETCATALOG_COMPILER_APPICON_NAME = AppIcon;
				ASSETCATALOG_COMPILER_GLOBAL_ACCENT_COLOR_NAME = AccentColor;
				CODE_SIGN_STYLE = Automatic;
				CURRENT_PROJECT_VERSION = 1;
				DEVELOPMENT_TEAM = E5A9RJ73G5;
				GENERATE_INFOPLIST_FILE = YES;
				INFOPLIST_FILE = "Open Weather UI Learn/Info.plist";
				INFOPLIST_KEY_UIApplicationSupportsIndirectInputEvents = YES;
				INFOPLIST_KEY_UILaunchStoryboardName = LaunchScreen;
				INFOPLIST_KEY_UIMainStoryboardFile = Main;
				INFOPLIST_KEY_UISupportedInterfaceOrientations_iPad = "UIInterfaceOrientationPortrait UIInterfaceOrientationPortraitUpsideDown UIInterfaceOrientationLandscapeLeft UIInterfaceOrientationLandscapeRight";
				INFOPLIST_KEY_UISupportedInterfaceOrientations_iPhone = "UIInterfaceOrientationPortrait UIInterfaceOrientationLandscapeLeft UIInterfaceOrientationLandscapeRight";
				LD_RUNPATH_SEARCH_PATHS = (
					"$(inherited)",
					"@executable_path/Frameworks",
				);
				MARKETING_VERSION = 1.0;
				PRODUCT_BUNDLE_IDENTIFIER = "SergeyMelnik.Open-Weather-UI-Learn";
				PRODUCT_NAME = "$(TARGET_NAME)";
				SWIFT_EMIT_LOC_STRINGS = YES;
				SWIFT_VERSION = 5.0;
				TARGETED_DEVICE_FAMILY = "1,2";
			};
			name = Debug;
		};
		09F0396D27FC5AFC005CA4E3 /* Release */ = {
			isa = XCBuildConfiguration;
			baseConfigurationReference = 4058DDF4436B8AF0EB627B78 /* Pods-Open Weather UI Learn.release.xcconfig */;
			buildSettings = {
				ASSETCATALOG_COMPILER_APPICON_NAME = AppIcon;
				ASSETCATALOG_COMPILER_GLOBAL_ACCENT_COLOR_NAME = AccentColor;
				CODE_SIGN_STYLE = Automatic;
				CURRENT_PROJECT_VERSION = 1;
				DEVELOPMENT_TEAM = E5A9RJ73G5;
				GENERATE_INFOPLIST_FILE = YES;
				INFOPLIST_FILE = "Open Weather UI Learn/Info.plist";
				INFOPLIST_KEY_UIApplicationSupportsIndirectInputEvents = YES;
				INFOPLIST_KEY_UILaunchStoryboardName = LaunchScreen;
				INFOPLIST_KEY_UIMainStoryboardFile = Main;
				INFOPLIST_KEY_UISupportedInterfaceOrientations_iPad = "UIInterfaceOrientationPortrait UIInterfaceOrientationPortraitUpsideDown UIInterfaceOrientationLandscapeLeft UIInterfaceOrientationLandscapeRight";
				INFOPLIST_KEY_UISupportedInterfaceOrientations_iPhone = "UIInterfaceOrientationPortrait UIInterfaceOrientationLandscapeLeft UIInterfaceOrientationLandscapeRight";
				LD_RUNPATH_SEARCH_PATHS = (
					"$(inherited)",
					"@executable_path/Frameworks",
				);
				MARKETING_VERSION = 1.0;
				PRODUCT_BUNDLE_IDENTIFIER = "SergeyMelnik.Open-Weather-UI-Learn";
				PRODUCT_NAME = "$(TARGET_NAME)";
				SWIFT_EMIT_LOC_STRINGS = YES;
				SWIFT_VERSION = 5.0;
				TARGETED_DEVICE_FAMILY = "1,2";
			};
			name = Release;
		};
/* End XCBuildConfiguration section */

/* Begin XCConfigurationList section */
		09F0395227FC5AFB005CA4E3 /* Build configuration list for PBXProject "Open Weather UI Learn" */ = {
			isa = XCConfigurationList;
			buildConfigurations = (
				09F0396927FC5AFC005CA4E3 /* Debug */,
				09F0396A27FC5AFC005CA4E3 /* Release */,
			);
			defaultConfigurationIsVisible = 0;
			defaultConfigurationName = Release;
		};
		09F0396B27FC5AFC005CA4E3 /* Build configuration list for PBXNativeTarget "Open Weather UI Learn" */ = {
			isa = XCConfigurationList;
			buildConfigurations = (
				09F0396C27FC5AFC005CA4E3 /* Debug */,
				09F0396D27FC5AFC005CA4E3 /* Release */,
			);
			defaultConfigurationIsVisible = 0;
			defaultConfigurationName = Release;
		};
/* End XCConfigurationList section */
	};
	rootObject = 09F0394F27FC5AFB005CA4E3 /* Project object */;
}
